<?xml version="1.0" encoding="utf-8"?>
<Project ToolsVersion="4.0" xmlns="http://schemas.microsoft.com/developer/msbuild/2003">
  <ItemGroup>
    <ClCompile Include="ClientManager.cpp">
      <Filter>01. Manager</Filter>
    </ClCompile>
    <ClCompile Include="Scene\MainScene.cpp">
      <Filter>02. Scene</Filter>
    </ClCompile>
    <ClCompile Include="GameObject\Ghost.cpp">
      <Filter>03. GameObject</Filter>
    </ClCompile>
    <ClCompile Include="GameObject\Riche.cpp">
      <Filter>03. GameObject</Filter>
    </ClCompile>
    <ClCompile Include="GameObject\RicheAttack.cpp">
      <Filter>03. GameObject</Filter>
    </ClCompile>
    <ClCompile Include="NetClient\TCPClient.cpp">
      <Filter>05. NetClient</Filter>
    </ClCompile>
    <ClCompile Include="GameObject\Tile.cpp">
      <Filter>03. GameObject</Filter>
    </ClCompile>
    <ClCompile Include="main.cpp">
      <Filter>소스 파일</Filter>
    </ClCompile>
    <ClCompile Include="GameObject\Archer.cpp">
      <Filter>03. GameObject\01. Player</Filter>
    </ClCompile>
    <ClCompile Include="GameObject\Player.cpp">
      <Filter>03. GameObject\01. Player</Filter>
    </ClCompile>
    <ClCompile Include="GameObject\Swordman.cpp">
      <Filter>03. GameObject\01. Player</Filter>
    </ClCompile>
    <ClCompile Include="GameObject\Star.cpp">
      <Filter>03. GameObject\02. Item</Filter>
    </ClCompile>
    <ClCompile Include="GameObject\Trap.cpp">
      <Filter>03. GameObject\02. Item</Filter>
    </ClCompile>
    <ClCompile Include="GameObject\Arrow.cpp">
      <Filter>03. GameObject\01. Player</Filter>
    </ClCompile>
    <ClCompile Include="GameObject\Heart.cpp">
      <Filter>03. GameObject\02. Item</Filter>
    </ClCompile>
    <ClCompile Include="GameObject\Portal.cpp">
      <Filter>03. GameObject</Filter>
    </ClCompile>
    <ClCompile Include="Scene\LoginScene.cpp">
      <Filter>02. Scene</Filter>
    </ClCompile>
    <ClCompile Include="Scene\LobbyScene.cpp">
      <Filter>02. Scene</Filter>
    </ClCompile>
  </ItemGroup>
  <ItemGroup>
    <ClInclude Include="Scene\MainScene.h">
      <Filter>02. Scene</Filter>
    </ClInclude>
    <ClInclude Include="ClientManager.h">
      <Filter>01. Manager</Filter>
    </ClInclude>
    <ClInclude Include="GameObject\Ghost.h">
      <Filter>03. GameObject</Filter>
    </ClInclude>
    <ClInclude Include="GameObject\Riche.h">
      <Filter>03. GameObject</Filter>
    </ClInclude>
    <ClInclude Include="GameObject\RicheAttack.h">
      <Filter>03. GameObject</Filter>
    </ClInclude>
    <ClInclude Include="BossAnimation.h">
      <Filter>04. Animation</Filter>
    </ClInclude>
    <ClInclude Include="MonsterAnimation.h">
      <Filter>04. Animation</Filter>
    </ClInclude>
    <ClInclude Include="ObjectAnimation.h">
      <Filter>04. Animation</Filter>
    </ClInclude>
    <ClInclude Include="PlayerAnimation.h">
      <Filter>04. Animation</Filter>
    </ClInclude>
    <ClInclude Include="NetClient\TCPClient.h">
      <Filter>05. NetClient</Filter>
    </ClInclude>
    <ClInclude Include="GameObject\Tile.h">
      <Filter>03. GameObject</Filter>
    </ClInclude>
    <ClInclude Include="ClientInfo.h">
      <Filter>헤더 파일</Filter>
    </ClInclude>
    <ClInclude Include="Resource.h">
      <Filter>헤더 파일</Filter>
    </ClInclude>
    <ClInclude Include="targetver.h">
      <Filter>헤더 파일</Filter>
    </ClInclude>
    <ClInclude Include="GameObject\Archer.h">
      <Filter>03. GameObject\01. Player</Filter>
    </ClInclude>
    <ClInclude Include="GameObject\Player.h">
      <Filter>03. GameObject\01. Player</Filter>
    </ClInclude>
    <ClInclude Include="GameObject\Swordman.h">
      <Filter>03. GameObject\01. Player</Filter>
    </ClInclude>
    <ClInclude Include="GameObject\Star.h">
      <Filter>03. GameObject\02. Item</Filter>
    </ClInclude>
    <ClInclude Include="GameObject\Trap.h">
      <Filter>03. GameObject\02. Item</Filter>
    </ClInclude>
    <ClInclude Include="GameObject\Arrow.h">
      <Filter>03. GameObject\01. Player</Filter>
    </ClInclude>
    <ClInclude Include="GameObject\Heart.h">
      <Filter>03. GameObject\02. Item</Filter>
    </ClInclude>
    <ClInclude Include="GameObject\Portal.h">
      <Filter>03. GameObject</Filter>
    </ClInclude>
    <ClInclude Include="..\..\NetServer\Define.h">
      <Filter>05. NetClient</Filter>
    </ClInclude>
    <ClInclude Include="..\..\NetServer\ErrDisplay.h">
      <Filter>05. NetClient</Filter>
    </ClInclude>
    <ClInclude Include="..\..\NetServer\Protocol.h">
      <Filter>05. NetClient</Filter>
    <ClInclude Include="Scene\LoginScene.h">
      <Filter>02. Scene</Filter>
    </ClInclude>
    <ClInclude Include="Scene\LobbyScene.h">
      <Filter>02. Scene</Filter>
    </ClInclude>
  </ItemGroup>
  <ItemGroup>
    <Image Include="NetGame.ico">
      <Filter>리소스 파일</Filter>
    </Image>
    <Image Include="small.ico">
      <Filter>리소스 파일</Filter>
    </Image>
  </ItemGroup>
  <ItemGroup>
    <Filter Include="01. Manager">
      <UniqueIdentifier>{f7e94621-20b7-44b5-8978-e55f5b4b4e2b}</UniqueIdentifier>
    </Filter>
    <Filter Include="02. Scene">
      <UniqueIdentifier>{7fadfe9f-dfa3-4899-a169-c4cf035926dd}</UniqueIdentifier>
    </Filter>
    <Filter Include="03. GameObject">
      <UniqueIdentifier>{5820a1a6-6fa6-4577-8a84-2921cd102573}</UniqueIdentifier>
    </Filter>
    <Filter Include="04. Animation">
      <UniqueIdentifier>{d100f05b-e214-4714-b9ac-fdeba73a6728}</UniqueIdentifier>
    </Filter>
    <Filter Include="05. NetClient">
      <UniqueIdentifier>{300e9937-6161-4ada-97a2-3853d32449a2}</UniqueIdentifier>
    </Filter>
    <Filter Include="리소스 파일">
      <UniqueIdentifier>{c9c66d14-a5ce-41f5-b909-2f05b0dcbb72}</UniqueIdentifier>
    </Filter>
    <Filter Include="소스 파일">
      <UniqueIdentifier>{3bca1018-afa9-4452-a272-575d0341867a}</UniqueIdentifier>
    </Filter>
    <Filter Include="헤더 파일">
      <UniqueIdentifier>{3568f494-ab5f-4182-9592-71bbef0d4d02}</UniqueIdentifier>
    </Filter>
    <Filter Include="03. GameObject\01. Player">
      <UniqueIdentifier>{0f747a5e-7f8e-4075-9f32-38b03e4637d9}</UniqueIdentifier>
    </Filter>
    <Filter Include="03. GameObject\02. Item">
      <UniqueIdentifier>{6a846601-f181-49de-ba36-52e1b57c3f20}</UniqueIdentifier>
    </Filter>
  </ItemGroup>
  <ItemGroup>
    <ResourceCompile Include="NetGame.rc">
      <Filter>리소스 파일</Filter>
    </ResourceCompile>
  </ItemGroup>
</Project>